
Microsoft Visual Studio Solution File, Format Version 12.00
# Visual Studio Version 16
VisualStudioVersion = 16.0.31424.327
MinimumVisualStudioVersion = 10.0.40219.1
Project("{888888A0-9F3D-457C-B088-3A5042F75D52}") = "Iris Flower Dataset ML Side Project", "Iris Flower Dataset ML Side Project\Iris Flower Dataset ML Side Project.pyproj", "{2C427069-F88C-4DBB-BB0C-411156B1F0A8}"
EndProject
Global
	GlobalSection(SolutionConfigurationPlatforms) = preSolution
		Debug|Any CPU = Debug|Any CPU
		Release|Any CPU = Release|Any CPU
	EndGlobalSection
	GlobalSection(ProjectConfigurationPlatforms) = postSolution
		{2C427069-F88C-4DBB-BB0C-411156B1F0A8}.Debug|Any CPU.ActiveCfg = Debug|Any CPU
		{2C427069-F88C-4DBB-BB0C-411156B1F0A8}.Release|Any CPU.ActiveCfg = Release|Any CPU
	EndGlobalSection
	GlobalSection(SolutionProperties) = preSolution
		HideSolutionNode = FALSE
	EndGlobalSection
	GlobalSection(ExtensibilityGlobals) = postSolution
		SolutionGuid = {50890883-0230-42B5-BC16-1F761D008B74}
	EndGlobalSection
EndGlobal
